
Microsoft Visual Studio Solution File, Format Version 12.00
# Visual Studio Version 16
VisualStudioVersion = 16.0.31005.135
MinimumVisualStudioVersion = 10.0.40219.1
Project("{FAE04EC0-301F-11D3-BF4B-00C04F79EFBC}") = "cxp", "cxp.csproj", "{01FA936F-AD4E-4603-B5D8-AC41041CD424}"
EndProject
Global
	GlobalSection(SolutionConfigurationPlatforms) = preSolution
		Debug|Any CPU = Debug|Any CPU
		Release|Any CPU = Release|Any CPU
	EndGlobalSection
	GlobalSection(ProjectConfigurationPlatforms) = postSolution
		{01FA936F-AD4E-4603-B5D8-AC41041CD424}.Debug|Any CPU.ActiveCfg = Debug|Any CPU
		{01FA936F-AD4E-4603-B5D8-AC41041CD424}.Debug|Any CPU.Build.0 = Debug|Any CPU
		{01FA936F-AD4E-4603-B5D8-AC41041CD424}.Release|Any CPU.ActiveCfg = Release|Any CPU
		{01FA936F-AD4E-4603-B5D8-AC41041CD424}.Release|Any CPU.Build.0 = Release|Any CPU
	EndGlobalSection
	GlobalSection(SolutionProperties) = preSolution
		HideSolutionNode = FALSE
	EndGlobalSection
	GlobalSection(ExtensibilityGlobals) = postSolution
		SolutionGuid = {B9EA8B5F-8781-44D5-9E22-1E747EEB9520}
	EndGlobalSection
EndGlobal
